// !$*UTF8*$!
{
	archiveVersion = 1;
	classes = {
	};
	objectVersion = 46;
	objects = {

/* Begin PBXBuildFile section */
		D819A8BF1E26636A0082F07F /* main.m in Sources */ = {isa = PBXBuildFile; fileRef = D819A8BE1E26636A0082F07F /* main.m */; };
		D819A8C21E26636A0082F07F /* AppDelegate.m in Sources */ = {isa = PBXBuildFile; fileRef = D819A8C11E26636A0082F07F /* AppDelegate.m */; };
		D819A8C51E26636A0082F07F /* ViewController.m in Sources */ = {isa = PBXBuildFile; fileRef = D819A8C41E26636A0082F07F /* ViewController.m */; };
		D819A8C81E26636A0082F07F /* Main.storyboard in Resources */ = {isa = PBXBuildFile; fileRef = D819A8C61E26636A0082F07F /* Main.storyboard */; };
		D819A8CA1E26636A0082F07F /* Assets.xcassets in Resources */ = {isa = PBXBuildFile; fileRef = D819A8C91E26636A0082F07F /* Assets.xcassets */; };
		D819A8CD1E26636A0082F07F /* LaunchScreen.storyboard in Resources */ = {isa = PBXBuildFile; fileRef = D819A8CB1E26636A0082F07F /* LaunchScreen.storyboard */; };
		D819A8D61E26640B0082F07F /* MapKit.framework in Frameworks */ = {isa = PBXBuildFile; fileRef = D819A8D51E26640B0082F07F /* MapKit.framework */; };
		D819A8D81E2664340082F07F /* CoreLocation.framework in Frameworks */ = {isa = PBXBuildFile; fileRef = D819A8D71E2664340082F07F /* CoreLocation.framework */; };
/* End PBXBuildFile section */

/* Begin PBXFileReference section */
		D819A8BA1E26636A0082F07F /* geoPhence.app */ = {isa = PBXFileReference; explicitFileType = wrapper.application; includeInIndex = 0; path = geoPhence.app; sourceTree = BUILT_PRODUCTS_DIR; };
		D819A8BE1E26636A0082F07F /* main.m */ = {isa = PBXFileReference; lastKnownFileType = sourcecode.c.objc; path = main.m; sourceTree = "<group>"; };
		D819A8C01E26636A0082F07F /* AppDelegate.h */ = {isa = PBXFileReference; lastKnownFileType = sourcecode.c.h; path = AppDelegate.h; sourceTree = "<group>"; };
		D819A8C11E26636A0082F07F /* AppDelegate.m */ = {isa = PBXFileReference; lastKnownFileType = sourcecode.c.objc; path = AppDelegate.m; sourceTree = "<group>"; };
		D819A8C31E26636A0082F07F /* ViewController.h */ = {isa = PBXFileReference; lastKnownFileType = sourcecode.c.h; path = ViewController.h; sourceTree = "<group>"; };
		D819A8C41E26636A0082F07F /* ViewController.m */ = {isa = PBXFileReference; lastKnownFileType = sourcecode.c.objc; path = ViewController.m; sourceTree = "<group>"; };
		D819A8C71E26636A0082F07F /* Base */ = {isa = PBXFileReference; lastKnownFileType = file.storyboard; name = Base; path = Base.lproj/Main.storyboard; sourceTree = "<group>"; };
		D819A8C91E26636A0082F07F /* Assets.xcassets */ = {isa = PBXFileReference; lastKnownFileType = folder.assetcatalog; path = Assets.xcassets; sourceTree = "<group>"; };
		D819A8CC1E26636A0082F07F /* Base */ = {isa = PBXFileReference; lastKnownFileType = file.storyboard; name = Base; path = Base.lproj/LaunchScreen.storyboard; sourceTree = "<group>"; };
		D819A8CE1E26636A0082F07F /* Info.plist */ = {isa = PBXFileReference; lastKnownFileType = text.plist.xml; path = Info.plist; sourceTree = "<group>"; };
		D819A8D51E26640B0082F07F /* MapKit.framework */ = {isa = PBXFileReference; lastKnownFileType = wrapper.framework; name = MapKit.framework; path = System/Library/Frameworks/MapKit.framework; sourceTree = SDKROOT; };
		D819A8D71E2664340082F07F /* CoreLocation.framework */ = {isa = PBXFileReference; lastKnownFileType = wrapper.framework; name = CoreLocation.framework; path = System/Library/Frameworks/CoreLocation.framework; sourceTree = SDKROOT; };
/* End PBXFileReference section */

/* Begin PBXFrameworksBuildPhase section */
		D819A8B71E26636A0082F07F /* Frameworks */ = {
			isa = PBXFrameworksBuildPhase;
			buildActionMask = 2147483647;
			files = (
				D819A8D81E2664340082F07F /* CoreLocation.framework in Frameworks */,
				D819A8D61E26640B0082F07F /* MapKit.framework in Frameworks */,
			);
			runOnlyForDeploymentPostprocessing = 0;
		};
/* End PBXFrameworksBuildPhase section */

/* Begin PBXGroup section */
		D819A8B11E26636A0082F07F = {
			isa = PBXGroup;
			children = (
				D819A8BC1E26636A0082F07F /* geoPhence */,
				D819A8BB1E26636A0082F07F /* Products */,
				D819A8D41E26640B0082F07F /* Frameworks */,
			);
			sourceTree = "<group>";
		};
		D819A8BB1E26636A0082F07F /* Products */ = {
			isa = PBXGroup;
			children = (
				D819A8BA1E26636A0082F07F /* geoPhence.app */,
			);
			name = Products;
			sourceTree = "<group>";
		};
		D819A8BC1E26636A0082F07F /* geoPhence */ = {
			isa = PBXGroup;
			children = (
				D819A8C01E26636A0082F07F /* AppDelegate.h */,
				D819A8C11E26636A0082F07F /* AppDelegate.m */,
				D819A8C31E26636A0082F07F /* ViewController.h */,
				D819A8C41E26636A0082F07F /* ViewController.m */,
				D819A8C61E26636A0082F07F /* Main.storyboard */,
				D819A8C91E26636A0082F07F /* Assets.xcassets */,
				D819A8CB1E26636A0082F07F /* LaunchScreen.storyboard */,
				D819A8CE1E26636A0082F07F /* Info.plist */,
				D819A8BD1E26636A0082F07F /* Supporting Files */,
			);
			path = geoPhence;
			sourceTree = "<group>";
		};
		D819A8BD1E26636A0082F07F /* Supporting Files */ = {
			isa = PBXGroup;
			children = (
				D819A8BE1E26636A0082F07F /* main.m */,
			);
			name = "Supporting Files";
			sourceTree = "<group>";
		};
		D819A8D41E26640B0082F07F /* Frameworks */ = {
			isa = PBXGroup;
			children = (
				D819A8D71E2664340082F07F /* CoreLocation.framework */,
				D819A8D51E26640B0082F07F /* MapKit.framework */,
			);
			name = Frameworks;
			sourceTree = "<group>";
		};
/* End PBXGroup section */

/* Begin PBXNativeTarget section */
		D819A8B91E26636A0082F07F /* geoPhence */ = {
			isa = PBXNativeTarget;
			buildConfigurationList = D819A8D11E26636A0082F07F /* Build configuration list for PBXNativeTarget "geoPhence" */;
			buildPhases = (
				D819A8B61E26636A0082F07F /* Sources */,
				D819A8B71E26636A0082F07F /* Frameworks */,
				D819A8B81E26636A0082F07F /* Resources */,
			);
			buildRules = (
			);
			dependencies = (
			);
			name = geoPhence;
			productName = geoPhence;
			productReference = D819A8BA1E26636A0082F07F /* geoPhence.app */;
			productType = "com.apple.product-type.application";
		};
/* End PBXNativeTarget section */

/* Begin PBXProject section */
		D819A8B21E26636A0082F07F /* Project object */ = {
			isa = PBXProject;
			attributes = {
				LastUpgradeCheck = 0820;
				ORGANIZATIONNAME = "onewolf games";
				TargetAttributes = {
					D819A8B91E26636A0082F07F = {
						CreatedOnToolsVersion = 8.2.1;
						DevelopmentTeam = EWHC6WX4NZ;
						ProvisioningStyle = Automatic;
						SystemCapabilities = {
							com.apple.BackgroundModes = {
								enabled = 1;
							};
							com.apple.Maps.iOS = {
								enabled = 1;
							};
						};
					};
				};
			};
			buildConfigurationList = D819A8B51E26636A0082F07F /* Build configuration list for PBXProject "geoPhence" */;
			compatibilityVersion = "Xcode 3.2";
			developmentRegion = English;
			hasScannedForEncodings = 0;
			knownRegions = (
				en,
				Base,
			);
			mainGroup = D819A8B11E26636A0082F07F;
			productRefGroup = D819A8BB1E26636A0082F07F /* Products */;
			projectDirPath = "";
			projectRoot = "";
			targets = (
				D819A8B91E26636A0082F07F /* geoPhence */,
			);
		};
/* End PBXProject section */

/* Begin PBXResourcesBuildPhase section */
		D819A8B81E26636A0082F07F /* Resources */ = {
			isa = PBXResourcesBuildPhase;
			buildActionMask = 2147483647;
			files = (
				D819A8CD1E26636A0082F07F /* LaunchScreen.storyboard in Resources */,
				D819A8CA1E26636A0082F07F /* Assets.xcassets in Resources */,
				D819A8C81E26636A0082F07F /* Main.storyboard in Resources */,
			);
			runOnlyForDeploymentPostprocessing = 0;
		};
/* End PBXResourcesBuildPhase section */

/* Begin PBXSourcesBuildPhase section */
		D819A8B61E26636A0082F07F /* Sources */ = {
			isa = PBXSourcesBuildPhase;
			buildActionMask = 2147483647;
			files = (
				D819A8C51E26636A0082F07F /* ViewController.m in Sources */,
				D819A8C21E26636A0082F07F /* AppDelegate.m in Sources */,
				D819A8BF1E26636A0082F07F /* main.m in Sources */,
			);
			runOnlyForDeploymentPostprocessing = 0;
		};
/* End PBXSourcesBuildPhase section */

/* Begin PBXVariantGroup section */
		D819A8C61E26636A0082F07F /* Main.storyboard */ = {
			isa = PBXVariantGroup;
			children = (
				D819A8C71E26636A0082F07F /* Base */,
			);
			name = Main.storyboard;
			sourceTree = "<group>";
		};
		D819A8CB1E26636A0082F07F /* LaunchScreen.storyboard */ = {
			isa = PBXVariantGroup;
			children = (
				D819A8CC1E26636A0082F07F /* Base */,
			);
			name = LaunchScreen.storyboard;
			sourceTree = "<group>";
		};
/* End PBXVariantGroup section */

/* Begin XCBuildConfiguration section */
		D819A8CF1E26636A0082F07F /* Debug */ = {
			isa = XCBuildConfiguration;
			buildSettings = {
				ALWAYS_SEARCH_USER_PATHS = NO;
				CLANG_ANALYZER_NONNULL = YES;
				CLANG_CXX_LANGUAGE_STANDARD = "gnu++0x";
				CLANG_CXX_LIBRARY = "libc++";
				CLANG_ENABLE_MODULES = YES;
				CLANG_ENABLE_OBJC_ARC = YES;
				CLANG_WARN_BOOL_CONVERSION = YES;
				CLANG_WARN_CONSTANT_CONVERSION = YES;
				CLANG_WARN_DIRECT_OBJC_ISA_USAGE = YES_ERROR;
				CLANG_WARN_DOCUMENTATION_COMMENTS = YES;
				CLANG_WARN_EMPTY_BODY = YES;
				CLANG_WARN_ENUM_CONVERSION = YES;
				CLANG_WARN_INFINITE_RECURSION = YES;
				CLANG_WARN_INT_CONVERSION = YES;
				CLANG_WARN_OBJC_ROOT_CLASS = YES_ERROR;
				CLANG_WARN_SUSPICIOUS_MOVE = YES;
				CLANG_WARN_UNREACHABLE_CODE = YES;
				CLANG_WARN__DUPLICATE_METHOD_MATCH = YES;
				"CODE_SIGN_IDENTITY[sdk=iphoneos*]" = "iPhone Developer";
				COPY_PHASE_STRIP = NO;
				DEBUG_INFORMATION_FORMAT = dwarf;
				ENABLE_STRICT_OBJC_MSGSEND = YES;
				ENABLE_TESTABILITY = YES;
				GCC_C_LANGUAGE_STANDARD = gnu99;
				GCC_DYNAMIC_NO_PIC = NO;
				GCC_NO_COMMON_BLOCKS = YES;
				GCC_OPTIMIZATION_LEVEL = 0;
				GCC_PREPROCESSOR_DEFINITIONS = (
					"DEBUG=1",
					"$(inherited)",
				);
				GCC_WARN_64_TO_32_BIT_CONVERSION = YES;
				GCC_WARN_ABOUT_RETURN_TYPE = YES_ERROR;
				GCC_WARN_UNDECLARED_SELECTOR = YES;
				GCC_WARN_UNINITIALIZED_AUTOS = YES_AGGRESSIVE;
				GCC_WARN_UNUSED_FUNCTION = YES;
				GCC_WARN_UNUSED_VARIABLE = YES;
				IPHONEOS_DEPLOYMENT_TARGET = 10.2;
				MTL_ENABLE_DEBUG_INFO = YES;
				ONLY_ACTIVE_ARCH = YES;
				SDKROOT = iphoneos;
			};
			name = Debug;
		};
		D819A8D01E26636A0082F07F /* Release */ = {
			isa = XCBuildConfiguration;
			buildSettings = {
				ALWAYS_SEARCH_USER_PATHS = NO;
				CLANG_ANALYZER_NONNULL = YES;
				CLANG_CXX_LANGUAGE_STANDARD = "gnu++0x";
				CLANG_CXX_LIBRARY = "libc++";
				CLANG_ENABLE_MODULES = YES;
				CLANG_ENABLE_OBJC_ARC = YES;
				CLANG_WARN_BOOL_CONVERSION = YES;
				CLANG_WARN_CONSTANT_CONVERSION = YES;
				CLANG_WARN_DIRECT_OBJC_ISA_USAGE = YES_ERROR;
				CLANG_WARN_DOCUMENTATION_COMMENTS = YES;
				CLANG_WARN_EMPTY_BODY = YES;
				CLANG_WARN_ENUM_CONVERSION = YES;
				CLANG_WARN_INFINITE_RECURSION = YES;
				CLANG_WARN_INT_CONVERSION = YES;
				CLANG_WARN_OBJC_ROOT_CLASS = YES_ERROR;
				CLANG_WARN_SUSPICIOUS_MOVE = YES;
				CLANG_WARN_UNREACHABLE_CODE = YES;
				CLANG_WARN__DUPLICATE_METHOD_MATCH = YES;
				"CODE_SIGN_IDENTITY[sdk=iphoneos*]" = "iPhone Developer";
				COPY_PHASE_STRIP = NO;
				DEBUG_INFORMATION_FORMAT = "dwarf-with-dsym";
				ENABLE_NS_ASSERTIONS = NO;
				ENABLE_STRICT_OBJC_MSGSEND = YES;
				GCC_C_LANGUAGE_STANDARD = gnu99;
				GCC_NO_COMMON_BLOCKS = YES;
				GCC_WARN_64_TO_32_BIT_CONVERSION = YES;
				GCC_WARN_ABOUT_RETURN_TYPE = YES_ERROR;
				GCC_WARN_UNDECLARED_SELECTOR = YES;
				GCC_WARN_UNINITIALIZED_AUTOS = YES_AGGRESSIVE;
				GCC_WARN_UNUSED_FUNCTION = YES;
				GCC_WARN_UNUSED_VARIABLE = YES;
				IPHONEOS_DEPLOYMENT_TARGET = 10.2;
				MTL_ENABLE_DEBUG_INFO = NO;
				SDKROOT = iphoneos;
				VALIDATE_PRODUCT = YES;
			};
			name = Release;
		};
		D819A8D21E26636A0082F07F /* Debug */ = {
			isa = XCBuildConfiguration;
			buildSettings = {
				ASSETCATALOG_COMPILER_APPICON_NAME = AppIcon;
				DEVELOPMENT_TEAM = EWHC6WX4NZ;
				INFOPLIST_FILE = geoPhence/Info.plist;
				LD_RUNPATH_SEARCH_PATHS = "$(inherited) @executable_path/Frameworks";
				PRODUCT_BUNDLE_IDENTIFIER = info.onewolf.geoPhence;
				PRODUCT_NAME = "$(TARGET_NAME)";
			};
			name = Debug;
		};
		D819A8D31E26636A0082F07F /* Release */ = {
			isa = XCBuildConfiguration;
			buildSettings = {
				ASSETCATALOG_COMPILER_APPICON_NAME = AppIcon;
				DEVELOPMENT_TEAM = EWHC6WX4NZ;
				INFOPLIST_FILE = geoPhence/Info.plist;
				LD_RUNPATH_SEARCH_PATHS = "$(inherited) @executable_path/Frameworks";
				PRODUCT_BUNDLE_IDENTIFIER = info.onewolf.geoPhence;
				PRODUCT_NAME = "$(TARGET_NAME)";
			};
			name = Release;
		};
/* End XCBuildConfiguration section */

/* Begin XCConfigurationList section */
		D819A8B51E26636A0082F07F /* Build configuration list for PBXProject "geoPhence" */ = {
			isa = XCConfigurationList;
			buildConfigurations = (
				D819A8CF1E26636A0082F07F /* Debug */,
				D819A8D01E26636A0082F07F /* Release */,
			);
			defaultConfigurationIsVisible = 0;
			defaultConfigurationName = Release;
		};
		D819A8D11E26636A0082F07F /* Build configuration list for PBXNativeTarget "geoPhence" */ = {
			isa = XCConfigurationList;
			buildConfigurations = (
				D819A8D21E26636A0082F07F /* Debug */,
				D819A8D31E26636A0082F07F /* Release */,
			);
			defaultConfigurationIsVisible = 0;
		};
/* End XCConfigurationList section */
	};
	rootObject = D819A8B21E26636A0082F07F /* Project object */;
}
